<?xml version="1.0" encoding="utf-8"?>
<Project ToolsVersion="4.0" xmlns="http://schemas.microsoft.com/developer/msbuild/2003">
  <ItemGroup>
    <Filter Include="Source Files">
      <UniqueIdentifier>{4FC737F1-C7A5-4376-A066-2A32D752A2FF}</UniqueIdentifier>
      <Extensions>cpp;c;cc;cxx;c++;cppm;ixx;def;odl;idl;hpj;bat;asm;asmx</Extensions>
    </Filter>
    <Filter Include="Header Files">
      <UniqueIdentifier>{93995380-89BD-4b04-88EB-625FBE52EBFB}</UniqueIdentifier>
      <Extensions>h;hh;hpp;hxx;h++;hm;inl;inc;ipp;xsd</Extensions>
    </Filter>
    <Filter Include="Resource Files">
      <UniqueIdentifier>{67DA6AB6-F800-4c08-8B7A-83BB121AAD01}</UniqueIdentifier>
      <Extensions>rc;ico;cur;bmp;dlg;rc2;rct;bin;rgs;gif;jpg;jpeg;jpe;resx;tiff;tif;png;wav;mfcribbon-ms</Extensions>
    </Filter>
  </ItemGroup>
  <ItemGroup>
    <ClCompile Include="Main.cpp">
      <Filter>Source Files</Filter>
    </ClCompile>
    <ClCompile Include="ShaderLoader.cpp">
      <Filter>Source Files</Filter>
    </ClCompile>
    <ClCompile Include="Camera.cpp">
      <Filter>Source Files</Filter>
    </ClCompile>
    <ClCompile Include="ModelLoader.cpp">
      <Filter>Source Files</Filter>
    </ClCompile>
    <ClCompile Include="Texture.cpp">
      <Filter>Source Files</Filter>
    </ClCompile>
    <ClCompile Include="InstancedRenderer.cpp">
      <Filter>Source Files</Filter>
    </ClCompile>
    <ClCompile Include="InputHandler.cpp">
      <Filter>Source Files</Filter>
    </ClCompile>
    <ClCompile Include="LightManager.cpp">
      <Filter>Source Files</Filter>
    </ClCompile>
    <ClCompile Include="Skybox.cpp">
      <Filter>Source Files</Filter>
    </ClCompile>
    <ClCompile Include="StencilTestScene.cpp">
      <Filter>Source Files</Filter>
    </ClCompile>
    <ClCompile Include="PostProcessingScene.cpp">
      <Filter>Source Files</Filter>
    </ClCompile>
    <ClCompile Include="PerlinNoiseScene.cpp">
      <Filter>Source Files</Filter>
    </ClCompile>
    <ClCompile Include="TerrainMap.cpp">
      <Filter>Source Files</Filter>
    </ClCompile>
    <ClCompile Include="ShadowScene.cpp">
      <Filter>Source Files</Filter>
    </ClCompile>
    <ClCompile Include="ShadowMap.cpp">
      <Filter>Source Files</Filter>
    </ClCompile>
    <ClCompile Include="DeferredScene.cpp">
      <Filter>Source Files</Filter>
    </ClCompile>
    <ClCompile Include="Plane.cpp">
      <Filter>Source Files</Filter>
    </ClCompile>
    <ClCompile Include="ParticleSystem.cpp">
      <Filter>Source Files</Filter>
    </ClCompile>
  </ItemGroup>
  <ItemGroup>
    <ClInclude Include="ShaderLoader.h">
      <Filter>Header Files</Filter>
    </ClInclude>
    <ClInclude Include="Camera.h">
      <Filter>Header Files</Filter>
    </ClInclude>
    <ClInclude Include="Dependencies\tiny_obj_loader.h">
      <Filter>Header Files</Filter>
    </ClInclude>
    <ClInclude Include="ModelLoader.h">
      <Filter>Header Files</Filter>
    </ClInclude>
    <ClInclude Include="Texture.h">
      <Filter>Header Files</Filter>
    </ClInclude>
    <ClInclude Include="InstancedRenderer.h">
      <Filter>Header Files</Filter>
    </ClInclude>
    <ClInclude Include="InputHandler.h">
      <Filter>Header Files</Filter>
    </ClInclude>
    <ClInclude Include="LightManager.h">
      <Filter>Header Files</Filter>
    </ClInclude>
    <ClInclude Include="Skybox.h">
      <Filter>Header Files</Filter>
    </ClInclude>
    <ClInclude Include="Dependencies\stb_image_write.h">
      <Filter>Header Files</Filter>
    </ClInclude>
    <ClInclude Include="StencilTestScene.h">
      <Filter>Header Files</Filter>
    </ClInclude>
    <ClInclude Include="PostProcessingScene.h">
      <Filter>Header Files</Filter>
    </ClInclude>
    <ClInclude Include="PerlinNoiseScene.h">
      <Filter>Header Files</Filter>
    </ClInclude>
    <ClInclude Include="TerrainMap.h">
      <Filter>Header Files</Filter>
    </ClInclude>
    <ClInclude Include="ShadowScene.h">
      <Filter>Header Files</Filter>
    </ClInclude>
    <ClInclude Include="ShadowMap.h">
      <Filter>Header Files</Filter>
    </ClInclude>
    <ClInclude Include="DeferredScene.h">
      <Filter>Header Files</Filter>
    </ClInclude>
    <ClInclude Include="resource.h">
      <Filter>Header Files</Filter>
    </ClInclude>
    <ClInclude Include="Plane.h">
      <Filter>Header Files</Filter>
    </ClInclude>
    <ClInclude Include="ParticleSystem.h">
      <Filter>Header Files</Filter>
    </ClInclude>
  </ItemGroup>
  <ItemGroup>
    <None Include="Resources\Shaders\fragment_shader.frag">
      <Filter>Resource Files</Filter>
    </None>
    <None Include="Resources\Shaders\vertex_shader.vert">
      <Filter>Resource Files</Filter>
    </None>
    <None Include="Resources\Shaders\skybox_fragment_shader.frag">
      <Filter>Resource Files</Filter>
    </None>
    <None Include="Resources\Shaders\skybox_vertex_shader.vert">
      <Filter>Resource Files</Filter>
    </None>
    <None Include="Resources\Shaders\blinn_phong.frag">
      <Filter>Resource Files</Filter>
    </None>
    <None Include="Resources\Shaders\blinn_phong.vert">
      <Filter>Resource Files</Filter>
    </None>
    <None Include="Resources\Shaders\Light_fragment_shader.frag">
      <Filter>Resource Files</Filter>
    </None>
    <None Include="Resources\Shaders\Light_vertex_shader.vert">
      <Filter>Resource Files</Filter>
    </None>
    <None Include="Resources\Heightmap0.raw">
      <Filter>Resource Files</Filter>
    </None>
    <None Include="Resources\Shaders\outline_fragment_shader.frag">
      <Filter>Resource Files</Filter>
    </None>
    <None Include="Resources\Shaders\outline_vertex_shader.vert">
      <Filter>Resource Files</Filter>
    </None>
    <None Include="Resources\Shaders\greyscale.frag">
      <Filter>Resource Files</Filter>
    </None>
    <None Include="Resources\Shaders\inversion.frag">
      <Filter>Resource Files</Filter>
    </None>
    <None Include="Resources\Shaders\raining.frag">
      <Filter>Resource Files</Filter>
    </None>
    <None Include="Resources\Shaders\terrain_fragment.frag">
      <Filter>Resource Files</Filter>
    </None>
    <None Include="Resources\Shaders\terrain_vertex.vert">
      <Filter>Resource Files</Filter>
    </None>
    <None Include="Resources\Shaders\post_processing.vert">
      <Filter>Resource Files</Filter>
    </None>
    <None Include="Resources\Shaders\sobel.frag">
      <Filter>Resource Files</Filter>
    </None>
  </ItemGroup>
  <ItemGroup>
    <Image Include="Resources\Heightmap0.jpg">
      <Filter>Resource Files</Filter>
    </Image>
  </ItemGroup>
  <ItemGroup>
    <Text Include="perlin_fragment_shader.txt">
      <Filter>Resource Files</Filter>
    </Text>
    <Text Include="perlin_vertex_shader.txt">
      <Filter>Resource Files</Filter>
    </Text>
    <Text Include="2d_perlin_vertex_shader.txt">
      <Filter>Resource Files</Filter>
    </Text>
    <Text Include="2d_perlin_fragment_shader.txt">
      <Filter>Resource Files</Filter>
    </Text>
    <Text Include="Resources\Shaders\lighting_fragment_shader.txt" />
    <Text Include="Resources\Shaders\lighting_vertex_shader.txt" />
    <Text Include="Resources\Shaders\shadow_fragment_shader.txt" />
    <Text Include="Resources\Shaders\shadow_vertex_shader.txt" />
    <Text Include="lighting_pass_vertex.txt">
      <Filter>Resource Files</Filter>
    </Text>
    <Text Include="lighting_pass_fragment.txt">
      <Filter>Resource Files</Filter>
    </Text>
    <Text Include="lighting_box_vertex.txt">
      <Filter>Resource Files</Filter>
    </Text>
    <Text Include="lighting_box_fragment.txt">
      <Filter>Resource Files</Filter>
    </Text>
    <Text Include="geometry_pass_fragment.txt">
      <Filter>Resource Files</Filter>
    </Text>
    <Text Include="geometry_pass_vertex.txt">
      <Filter>Resource Files</Filter>
    </Text>
    <Text Include="particle_compute.txt">
      <Filter>Resource Files</Filter>
    </Text>
    <Text Include="particle_vertex.txt">
      <Filter>Resource Files</Filter>
    </Text>
    <Text Include="particle_fragment.txt">
      <Filter>Resource Files</Filter>
    </Text>
  </ItemGroup>
  <ItemGroup>
    <ResourceCompile Include="OpenGL_Project.rc">
      <Filter>Resource Files</Filter>
    </ResourceCompile>
  </ItemGroup>
</Project>